
Microsoft Visual Studio Solution File, Format Version 12.00
# Visual Studio Version 17
VisualStudioVersion = 17.10.35122.118
MinimumVisualStudioVersion = 10.0.40219.1
Project("{FAE04EC0-301F-11D3-BF4B-00C04F79EFBC}") = "DeskMarket", "DeskMarket\DeskMarket.csproj", "{F54EDF10-945B-4C53-8CBC-B0BFA820F3D1}"
EndProject
Global
	GlobalSection(SolutionConfigurationPlatforms) = preSolution
		Debug|Any CPU = Debug|Any CPU
		Release|Any CPU = Release|Any CPU
	EndGlobalSection
	GlobalSection(ProjectConfigurationPlatforms) = postSolution
		{F54EDF10-945B-4C53-8CBC-B0BFA820F3D1}.Debug|Any CPU.ActiveCfg = Debug|Any CPU
		{F54EDF10-945B-4C53-8CBC-B0BFA820F3D1}.Debug|Any CPU.Build.0 = Debug|Any CPU
		{F54EDF10-945B-4C53-8CBC-B0BFA820F3D1}.Release|Any CPU.ActiveCfg = Release|Any CPU
		{F54EDF10-945B-4C53-8CBC-B0BFA820F3D1}.Release|Any CPU.Build.0 = Release|Any CPU
	EndGlobalSection
	GlobalSection(SolutionProperties) = preSolution
		HideSolutionNode = FALSE
	EndGlobalSection
	GlobalSection(ExtensibilityGlobals) = postSolution
		SolutionGuid = {4C56B45B-E0B3-464C-B2B6-FC9214F09FB6}
	EndGlobalSection
EndGlobal
